// !$*UTF8*$!
{
	archiveVersion = 1;
	classes = {
	};
	objectVersion = 50;
	objects = {

/* Begin PBXBuildFile section */
		047138C4226CA50D0083AD16 /* AppDelegate.m in Sources */ = {isa = PBXBuildFile; fileRef = 047138C3226CA50D0083AD16 /* AppDelegate.m */; };
		047138C7226CA50D0083AD16 /* ViewController.m in Sources */ = {isa = PBXBuildFile; fileRef = 047138C6226CA50D0083AD16 /* ViewController.m */; };
		047138CA226CA50D0083AD16 /* Main.storyboard in Resources */ = {isa = PBXBuildFile; fileRef = 047138C8226CA50D0083AD16 /* Main.storyboard */; };
		047138CC226CA50E0083AD16 /* Assets.xcassets in Resources */ = {isa = PBXBuildFile; fileRef = 047138CB226CA50E0083AD16 /* Assets.xcassets */; };
		047138CF226CA50E0083AD16 /* LaunchScreen.storyboard in Resources */ = {isa = PBXBuildFile; fileRef = 047138CD226CA50E0083AD16 /* LaunchScreen.storyboard */; };
		047138D2226CA50E0083AD16 /* main.m in Sources */ = {isa = PBXBuildFile; fileRef = 047138D1226CA50E0083AD16 /* main.m */; };
		047138DA226CAEFD0083AD16 /* jahskee_250.jpg in Resources */ = {isa = PBXBuildFile; fileRef = 047138D9226CAEFD0083AD16 /* jahskee_250.jpg */; };
		047138E0226CB0F80083AD16 /* jahskee_350.png in Resources */ = {isa = PBXBuildFile; fileRef = 047138DF226CB0F80083AD16 /* jahskee_350.png */; };
		83A690865C7F4F1F69FA1D9F /* libPods-ios-instagram-oauth2-app.a in Frameworks */ = {isa = PBXBuildFile; fileRef = C731B1F93AB4D2662E4138F4 /* libPods-ios-instagram-oauth2-app.a */; };
/* End PBXBuildFile section */

/* Begin PBXFileReference section */
		047138BF226CA50D0083AD16 /* ios-instagram-oauth2-app.app */ = {isa = PBXFileReference; explicitFileType = wrapper.application; includeInIndex = 0; path = "ios-instagram-oauth2-app.app"; sourceTree = BUILT_PRODUCTS_DIR; };
		047138C2226CA50D0083AD16 /* AppDelegate.h */ = {isa = PBXFileReference; lastKnownFileType = sourcecode.c.h; path = AppDelegate.h; sourceTree = "<group>"; };
		047138C3226CA50D0083AD16 /* AppDelegate.m */ = {isa = PBXFileReference; lastKnownFileType = sourcecode.c.objc; path = AppDelegate.m; sourceTree = "<group>"; };
		047138C5226CA50D0083AD16 /* ViewController.h */ = {isa = PBXFileReference; lastKnownFileType = sourcecode.c.h; path = ViewController.h; sourceTree = "<group>"; };
		047138C6226CA50D0083AD16 /* ViewController.m */ = {isa = PBXFileReference; lastKnownFileType = sourcecode.c.objc; path = ViewController.m; sourceTree = "<group>"; };
		047138C9226CA50D0083AD16 /* Base */ = {isa = PBXFileReference; lastKnownFileType = file.storyboard; name = Base; path = Base.lproj/Main.storyboard; sourceTree = "<group>"; };
		047138CB226CA50E0083AD16 /* Assets.xcassets */ = {isa = PBXFileReference; lastKnownFileType = folder.assetcatalog; path = Assets.xcassets; sourceTree = "<group>"; };
		047138CE226CA50E0083AD16 /* Base */ = {isa = PBXFileReference; lastKnownFileType = file.storyboard; name = Base; path = Base.lproj/LaunchScreen.storyboard; sourceTree = "<group>"; };
		047138D0226CA50E0083AD16 /* Info.plist */ = {isa = PBXFileReference; lastKnownFileType = text.plist.xml; path = Info.plist; sourceTree = "<group>"; };
		047138D1226CA50E0083AD16 /* main.m */ = {isa = PBXFileReference; lastKnownFileType = sourcecode.c.objc; path = main.m; sourceTree = "<group>"; };
		047138D9226CAEFD0083AD16 /* jahskee_250.jpg */ = {isa = PBXFileReference; lastKnownFileType = image.jpeg; path = jahskee_250.jpg; sourceTree = "<group>"; };
		047138DF226CB0F80083AD16 /* jahskee_350.png */ = {isa = PBXFileReference; lastKnownFileType = image.png; name = jahskee_350.png; path = ../../../../Documents/others/Jaizon_Lubaton_resume/Others/Images/profile_image/jahskee_350.png; sourceTree = "<group>"; };
		983C740DFE880228AED991A7 /* Pods-ios-instagram-oauth2-app.release.xcconfig */ = {isa = PBXFileReference; includeInIndex = 1; lastKnownFileType = text.xcconfig; name = "Pods-ios-instagram-oauth2-app.release.xcconfig"; path = "Target Support Files/Pods-ios-instagram-oauth2-app/Pods-ios-instagram-oauth2-app.release.xcconfig"; sourceTree = "<group>"; };
		B70B416CD08227969A9D1046 /* Pods-ios-instagram-oauth2-app.debug.xcconfig */ = {isa = PBXFileReference; includeInIndex = 1; lastKnownFileType = text.xcconfig; name = "Pods-ios-instagram-oauth2-app.debug.xcconfig"; path = "Target Support Files/Pods-ios-instagram-oauth2-app/Pods-ios-instagram-oauth2-app.debug.xcconfig"; sourceTree = "<group>"; };
		C731B1F93AB4D2662E4138F4 /* libPods-ios-instagram-oauth2-app.a */ = {isa = PBXFileReference; explicitFileType = archive.ar; includeInIndex = 0; path = "libPods-ios-instagram-oauth2-app.a"; sourceTree = BUILT_PRODUCTS_DIR; };
/* End PBXFileReference section */

/* Begin PBXFrameworksBuildPhase section */
		047138BC226CA50D0083AD16 /* Frameworks */ = {
			isa = PBXFrameworksBuildPhase;
			buildActionMask = 2147483647;
			files = (
				83A690865C7F4F1F69FA1D9F /* libPods-ios-instagram-oauth2-app.a in Frameworks */,
			);
			runOnlyForDeploymentPostprocessing = 0;
		};
/* End PBXFrameworksBuildPhase section */

/* Begin PBXGroup section */
		047138B6226CA50D0083AD16 = {
			isa = PBXGroup;
			children = (
				047138C1226CA50D0083AD16 /* ios-instagram-oauth2-app */,
				047138C0226CA50D0083AD16 /* Products */,
				452769BEBCFB6CDDBF32532A /* Pods */,
				80858EECCB5C9466906807BD /* Frameworks */,
			);
			sourceTree = "<group>";
		};
		047138C0226CA50D0083AD16 /* Products */ = {
			isa = PBXGroup;
			children = (
				047138BF226CA50D0083AD16 /* ios-instagram-oauth2-app.app */,
			);
			name = Products;
			sourceTree = "<group>";
		};
		047138C1226CA50D0083AD16 /* ios-instagram-oauth2-app */ = {
			isa = PBXGroup;
			children = (
				047138C2226CA50D0083AD16 /* AppDelegate.h */,
				047138C3226CA50D0083AD16 /* AppDelegate.m */,
				047138C5226CA50D0083AD16 /* ViewController.h */,
				047138C6226CA50D0083AD16 /* ViewController.m */,
				047138C8226CA50D0083AD16 /* Main.storyboard */,
				047138CB226CA50E0083AD16 /* Assets.xcassets */,
				047138CD226CA50E0083AD16 /* LaunchScreen.storyboard */,
				047138D0226CA50E0083AD16 /* Info.plist */,
				047138D1226CA50E0083AD16 /* main.m */,
				047138DE226CB0C60083AD16 /* Supporting Files */,
			);
			path = "ios-instagram-oauth2-app";
			sourceTree = "<group>";
		};
		047138DE226CB0C60083AD16 /* Supporting Files */ = {
			isa = PBXGroup;
			children = (
				047138DF226CB0F80083AD16 /* jahskee_350.png */,
				047138D9226CAEFD0083AD16 /* jahskee_250.jpg */,
			);
			name = "Supporting Files";
			path = "New Group1";
			sourceTree = "<group>";
		};
		452769BEBCFB6CDDBF32532A /* Pods */ = {
			isa = PBXGroup;
			children = (
				B70B416CD08227969A9D1046 /* Pods-ios-instagram-oauth2-app.debug.xcconfig */,
				983C740DFE880228AED991A7 /* Pods-ios-instagram-oauth2-app.release.xcconfig */,
			);
			path = Pods;
			sourceTree = "<group>";
		};
		80858EECCB5C9466906807BD /* Frameworks */ = {
			isa = PBXGroup;
			children = (
				C731B1F93AB4D2662E4138F4 /* libPods-ios-instagram-oauth2-app.a */,
			);
			name = Frameworks;
			sourceTree = "<group>";
		};
/* End PBXGroup section */

/* Begin PBXNativeTarget section */
		047138BE226CA50D0083AD16 /* ios-instagram-oauth2-app */ = {
			isa = PBXNativeTarget;
			buildConfigurationList = 047138D5226CA50E0083AD16 /* Build configuration list for PBXNativeTarget "ios-instagram-oauth2-app" */;
			buildPhases = (
				CFF0BBF90E6B9B0891012648 /* [CP] Check Pods Manifest.lock */,
				047138BB226CA50D0083AD16 /* Sources */,
				047138BC226CA50D0083AD16 /* Frameworks */,
				047138BD226CA50D0083AD16 /* Resources */,
			);
			buildRules = (
			);
			dependencies = (
			);
			name = "ios-instagram-oauth2-app";
			productName = "ios-instagram-oauth2-app";
			productReference = 047138BF226CA50D0083AD16 /* ios-instagram-oauth2-app.app */;
			productType = "com.apple.product-type.application";
		};
/* End PBXNativeTarget section */

/* Begin PBXProject section */
		047138B7226CA50D0083AD16 /* Project object */ = {
			isa = PBXProject;
			attributes = {
				LastUpgradeCheck = 1010;
				ORGANIZATIONNAME = senapps;
				TargetAttributes = {
					047138BE226CA50D0083AD16 = {
						CreatedOnToolsVersion = 10.1;
					};
				};
			};
			buildConfigurationList = 047138BA226CA50D0083AD16 /* Build configuration list for PBXProject "ios-instagram-oauth2-app" */;
			compatibilityVersion = "Xcode 9.3";
			developmentRegion = en;
			hasScannedForEncodings = 0;
			knownRegions = (
				en,
				Base,
			);
			mainGroup = 047138B6226CA50D0083AD16;
			productRefGroup = 047138C0226CA50D0083AD16 /* Products */;
			projectDirPath = "";
			projectRoot = "";
			targets = (
				047138BE226CA50D0083AD16 /* ios-instagram-oauth2-app */,
			);
		};
/* End PBXProject section */

/* Begin PBXResourcesBuildPhase section */
		047138BD226CA50D0083AD16 /* Resources */ = {
			isa = PBXResourcesBuildPhase;
			buildActionMask = 2147483647;
			files = (
				047138CF226CA50E0083AD16 /* LaunchScreen.storyboard in Resources */,
				047138E0226CB0F80083AD16 /* jahskee_350.png in Resources */,
				047138CC226CA50E0083AD16 /* Assets.xcassets in Resources */,
				047138CA226CA50D0083AD16 /* Main.storyboard in Resources */,
				047138DA226CAEFD0083AD16 /* jahskee_250.jpg in Resources */,
			);
			runOnlyForDeploymentPostprocessing = 0;
		};
/* End PBXResourcesBuildPhase section */

/* Begin PBXShellScriptBuildPhase section */
		CFF0BBF90E6B9B0891012648 /* [CP] Check Pods Manifest.lock */ = {
			isa = PBXShellScriptBuildPhase;
			buildActionMask = 2147483647;
			files = (
			);
			inputFileListPaths = (
			);
			inputPaths = (
				"${PODS_PODFILE_DIR_PATH}/Podfile.lock",
				"${PODS_ROOT}/Manifest.lock",
			);
			name = "[CP] Check Pods Manifest.lock";
			outputFileListPaths = (
			);
			outputPaths = (
				"$(DERIVED_FILE_DIR)/Pods-ios-instagram-oauth2-app-checkManifestLockResult.txt",
			);
			runOnlyForDeploymentPostprocessing = 0;
			shellPath = /bin/sh;
			shellScript = "diff \"${PODS_PODFILE_DIR_PATH}/Podfile.lock\" \"${PODS_ROOT}/Manifest.lock\" > /dev/null\nif [ $? != 0 ] ; then\n    # print error to STDERR\n    echo \"error: The sandbox is not in sync with the Podfile.lock. Run 'pod install' or update your CocoaPods installation.\" >&2\n    exit 1\nfi\n# This output is used by Xcode 'outputs' to avoid re-running this script phase.\necho \"SUCCESS\" > \"${SCRIPT_OUTPUT_FILE_0}\"\n";
			showEnvVarsInLog = 0;
		};
/* End PBXShellScriptBuildPhase section */

/* Begin PBXSourcesBuildPhase section */
		047138BB226CA50D0083AD16 /* Sources */ = {
			isa = PBXSourcesBuildPhase;
			buildActionMask = 2147483647;
			files = (
				047138C7226CA50D0083AD16 /* ViewController.m in Sources */,
				047138D2226CA50E0083AD16 /* main.m in Sources */,
				047138C4226CA50D0083AD16 /* AppDelegate.m in Sources */,
			);
			runOnlyForDeploymentPostprocessing = 0;
		};
/* End PBXSourcesBuildPhase section */

/* Begin PBXVariantGroup section */
		047138C8226CA50D0083AD16 /* Main.storyboard */ = {
			isa = PBXVariantGroup;
			children = (
				047138C9226CA50D0083AD16 /* Base */,
			);
			name = Main.storyboard;
			sourceTree = "<group>";
		};
		047138CD226CA50E0083AD16 /* LaunchScreen.storyboard */ = {
			isa = PBXVariantGroup;
			children = (
				047138CE226CA50E0083AD16 /* Base */,
			);
			name = LaunchScreen.storyboard;
			sourceTree = "<group>";
		};
/* End PBXVariantGroup section */

/* Begin XCBuildConfiguration section */
		047138D3226CA50E0083AD16 /* Debug */ = {
			isa = XCBuildConfiguration;
			buildSettings = {
				ALWAYS_SEARCH_USER_PATHS = NO;
				CLANG_ANALYZER_NONNULL = YES;
				CLANG_ANALYZER_NUMBER_OBJECT_CONVERSION = YES_AGGRESSIVE;
				CLANG_CXX_LANGUAGE_STANDARD = "gnu++14";
				CLANG_CXX_LIBRARY = "libc++";
				CLANG_ENABLE_MODULES = YES;
				CLANG_ENABLE_OBJC_ARC = YES;
				CLANG_ENABLE_OBJC_WEAK = YES;
				CLANG_WARN_BLOCK_CAPTURE_AUTORELEASING = YES;
				CLANG_WARN_BOOL_CONVERSION = YES;
				CLANG_WARN_COMMA = YES;
				CLANG_WARN_CONSTANT_CONVERSION = YES;
				CLANG_WARN_DEPRECATED_OBJC_IMPLEMENTATIONS = YES;
				CLANG_WARN_DIRECT_OBJC_ISA_USAGE = YES_ERROR;
				CLANG_WARN_DOCUMENTATION_COMMENTS = YES;
				CLANG_WARN_EMPTY_BODY = YES;
				CLANG_WARN_ENUM_CONVERSION = YES;
				CLANG_WARN_INFINITE_RECURSION = YES;
				CLANG_WARN_INT_CONVERSION = YES;
				CLANG_WARN_NON_LITERAL_NULL_CONVERSION = YES;
				CLANG_WARN_OBJC_IMPLICIT_RETAIN_SELF = YES;
				CLANG_WARN_OBJC_LITERAL_CONVERSION = YES;
				CLANG_WARN_OBJC_ROOT_CLASS = YES_ERROR;
				CLANG_WARN_RANGE_LOOP_ANALYSIS = YES;
				CLANG_WARN_STRICT_PROTOTYPES = YES;
				CLANG_WARN_SUSPICIOUS_MOVE = YES;
				CLANG_WARN_UNGUARDED_AVAILABILITY = YES_AGGRESSIVE;
				CLANG_WARN_UNREACHABLE_CODE = YES;
				CLANG_WARN__DUPLICATE_METHOD_MATCH = YES;
				CODE_SIGN_IDENTITY = "iPhone Developer";
				COPY_PHASE_STRIP = NO;
				DEBUG_INFORMATION_FORMAT = dwarf;
				ENABLE_STRICT_OBJC_MSGSEND = YES;
				ENABLE_TESTABILITY = YES;
				GCC_C_LANGUAGE_STANDARD = gnu11;
				GCC_DYNAMIC_NO_PIC = NO;
				GCC_NO_COMMON_BLOCKS = YES;
				GCC_OPTIMIZATION_LEVEL = 0;
				GCC_PREPROCESSOR_DEFINITIONS = (
					"DEBUG=1",
					"$(inherited)",
				);
				GCC_WARN_64_TO_32_BIT_CONVERSION = YES;
				GCC_WARN_ABOUT_RETURN_TYPE = YES_ERROR;
				GCC_WARN_UNDECLARED_SELECTOR = YES;
				GCC_WARN_UNINITIALIZED_AUTOS = YES_AGGRESSIVE;
				GCC_WARN_UNUSED_FUNCTION = YES;
				GCC_WARN_UNUSED_VARIABLE = YES;
				IPHONEOS_DEPLOYMENT_TARGET = 10;
				MTL_ENABLE_DEBUG_INFO = INCLUDE_SOURCE;
				MTL_FAST_MATH = YES;
				ONLY_ACTIVE_ARCH = YES;
				SDKROOT = iphoneos;
			};
			name = Debug;
		};
		047138D4226CA50E0083AD16 /* Release */ = {
			isa = XCBuildConfiguration;
			buildSettings = {
				ALWAYS_SEARCH_USER_PATHS = NO;
				CLANG_ANALYZER_NONNULL = YES;
				CLANG_ANALYZER_NUMBER_OBJECT_CONVERSION = YES_AGGRESSIVE;
				CLANG_CXX_LANGUAGE_STANDARD = "gnu++14";
				CLANG_CXX_LIBRARY = "libc++";
				CLANG_ENABLE_MODULES = YES;
				CLANG_ENABLE_OBJC_ARC = YES;
				CLANG_ENABLE_OBJC_WEAK = YES;
				CLANG_WARN_BLOCK_CAPTURE_AUTORELEASING = YES;
				CLANG_WARN_BOOL_CONVERSION = YES;
				CLANG_WARN_COMMA = YES;
				CLANG_WARN_CONSTANT_CONVERSION = YES;
				CLANG_WARN_DEPRECATED_OBJC_IMPLEMENTATIONS = YES;
				CLANG_WARN_DIRECT_OBJC_ISA_USAGE = YES_ERROR;
				CLANG_WARN_DOCUMENTATION_COMMENTS = YES;
				CLANG_WARN_EMPTY_BODY = YES;
				CLANG_WARN_ENUM_CONVERSION = YES;
				CLANG_WARN_INFINITE_RECURSION = YES;
				CLANG_WARN_INT_CONVERSION = YES;
				CLANG_WARN_NON_LITERAL_NULL_CONVERSION = YES;
				CLANG_WARN_OBJC_IMPLICIT_RETAIN_SELF = YES;
				CLANG_WARN_OBJC_LITERAL_CONVERSION = YES;
				CLANG_WARN_OBJC_ROOT_CLASS = YES_ERROR;
				CLANG_WARN_RANGE_LOOP_ANALYSIS = YES;
				CLANG_WARN_STRICT_PROTOTYPES = YES;
				CLANG_WARN_SUSPICIOUS_MOVE = YES;
				CLANG_WARN_UNGUARDED_AVAILABILITY = YES_AGGRESSIVE;
				CLANG_WARN_UNREACHABLE_CODE = YES;
				CLANG_WARN__DUPLICATE_METHOD_MATCH = YES;
				CODE_SIGN_IDENTITY = "iPhone Developer";
				COPY_PHASE_STRIP = NO;
				DEBUG_INFORMATION_FORMAT = "dwarf-with-dsym";
				ENABLE_NS_ASSERTIONS = NO;
				ENABLE_STRICT_OBJC_MSGSEND = YES;
				GCC_C_LANGUAGE_STANDARD = gnu11;
				GCC_NO_COMMON_BLOCKS = YES;
				GCC_WARN_64_TO_32_BIT_CONVERSION = YES;
				GCC_WARN_ABOUT_RETURN_TYPE = YES_ERROR;
				GCC_WARN_UNDECLARED_SELECTOR = YES;
				GCC_WARN_UNINITIALIZED_AUTOS = YES_AGGRESSIVE;
				GCC_WARN_UNUSED_FUNCTION = YES;
				GCC_WARN_UNUSED_VARIABLE = YES;
				IPHONEOS_DEPLOYMENT_TARGET = 10;
				MTL_ENABLE_DEBUG_INFO = NO;
				MTL_FAST_MATH = YES;
				SDKROOT = iphoneos;
				VALIDATE_PRODUCT = YES;
			};
			name = Release;
		};
		047138D6226CA50E0083AD16 /* Debug */ = {
			isa = XCBuildConfiguration;
			baseConfigurationReference = B70B416CD08227969A9D1046 /* Pods-ios-instagram-oauth2-app.debug.xcconfig */;
			buildSettings = {
				ASSETCATALOG_COMPILER_APPICON_NAME = AppIcon;
				CODE_SIGN_STYLE = Automatic;
				DEVELOPMENT_TEAM = F6T7UP263V;
				INFOPLIST_FILE = "ios-instagram-oauth2-app/Info.plist";
				LD_RUNPATH_SEARCH_PATHS = (
					"$(inherited)",
					"@executable_path/Frameworks",
				);
				PRODUCT_BUNDLE_IDENTIFIER = "com.jahskee.senapps.ios-instagram-oauth2-app";
				PRODUCT_NAME = "$(TARGET_NAME)";
				TARGETED_DEVICE_FAMILY = "1,2";
			};
			name = Debug;
		};
		047138D7226CA50E0083AD16 /* Release */ = {
			isa = XCBuildConfiguration;
			baseConfigurationReference = 983C740DFE880228AED991A7 /* Pods-ios-instagram-oauth2-app.release.xcconfig */;
			buildSettings = {
				ASSETCATALOG_COMPILER_APPICON_NAME = AppIcon;
				CODE_SIGN_STYLE = Automatic;
				DEVELOPMENT_TEAM = F6T7UP263V;
				INFOPLIST_FILE = "ios-instagram-oauth2-app/Info.plist";
				LD_RUNPATH_SEARCH_PATHS = (
					"$(inherited)",
					"@executable_path/Frameworks",
				);
				PRODUCT_BUNDLE_IDENTIFIER = "com.jahskee.senapps.ios-instagram-oauth2-app";
				PRODUCT_NAME = "$(TARGET_NAME)";
				TARGETED_DEVICE_FAMILY = "1,2";
			};
			name = Release;
		};
/* End XCBuildConfiguration section */

/* Begin XCConfigurationList section */
		047138BA226CA50D0083AD16 /* Build configuration list for PBXProject "ios-instagram-oauth2-app" */ = {
			isa = XCConfigurationList;
			buildConfigurations = (
				047138D3226CA50E0083AD16 /* Debug */,
				047138D4226CA50E0083AD16 /* Release */,
			);
			defaultConfigurationIsVisible = 0;
			defaultConfigurationName = Release;
		};
		047138D5226CA50E0083AD16 /* Build configuration list for PBXNativeTarget "ios-instagram-oauth2-app" */ = {
			isa = XCConfigurationList;
			buildConfigurations = (
				047138D6226CA50E0083AD16 /* Debug */,
				047138D7226CA50E0083AD16 /* Release */,
			);
			defaultConfigurationIsVisible = 0;
			defaultConfigurationName = Release;
		};
/* End XCConfigurationList section */
	};
	rootObject = 047138B7226CA50D0083AD16 /* Project object */;
}
